lockfileVersion: '9.0'

settings:
  autoInstallPeers: true
  excludeLinksFromLockfile: false

importers:

  .:
    dependencies:
      ts-fsrs:
        specifier: 5.4.2
        version: 5.4.2

packages:

  ts-fsrs@5.4.2:
    resolution: {integrity: sha512-z4qop4pzTcyTzuJ566d9EaX/4bZZzhYfeaPImfVr+xcYT65c5oBgFDijUhCE/D+C78eaolHIhKRZ04/RwF+v2g==}
    engines: {node: '>=20.0.0'}

snapshots:

  ts-fsrs@5.4.2: {}
